// !$*UTF8*$!
{
	archiveVersion = 1;
	classes = {
	};
	objectVersion = 50;
	objects = {

/* Begin PBXBuildFile section */
		215C41BF211F807500AFEAE8 /* AppDelegate.swift in Sources */ = {isa = PBXBuildFile; fileRef = 215C41BE211F807500AFEAE8 /* AppDelegate.swift */; };
		215C41C1211F807500AFEAE8 /* ViewController.swift in Sources */ = {isa = PBXBuildFile; fileRef = 215C41C0211F807500AFEAE8 /* ViewController.swift */; };
		215C41C4211F807500AFEAE8 /* Main.storyboard in Resources */ = {isa = PBXBuildFile; fileRef = 215C41C2211F807500AFEAE8 /* Main.storyboard */; };
		215C41C6211F807600AFEAE8 /* Assets.xcassets in Resources */ = {isa = PBXBuildFile; fileRef = 215C41C5211F807600AFEAE8 /* Assets.xcassets */; };
		215C41C9211F807600AFEAE8 /* LaunchScreen.storyboard in Resources */ = {isa = PBXBuildFile; fileRef = 215C41C7211F807600AFEAE8 /* LaunchScreen.storyboard */; };
		215C41D1211F815700AFEAE8 /* CardStack.swift in Sources */ = {isa = PBXBuildFile; fileRef = 215C41D0211F815700AFEAE8 /* CardStack.swift */; };
		215C41D7211F82F100AFEAE8 /* person2.jpg in Resources */ = {isa = PBXBuildFile; fileRef = 215C41D3211F82F100AFEAE8 /* person2.jpg */; };
		215C41D8211F82F100AFEAE8 /* person0.jpg in Resources */ = {isa = PBXBuildFile; fileRef = 215C41D4211F82F100AFEAE8 /* person0.jpg */; };
		215C41D9211F82F100AFEAE8 /* person3.jpg in Resources */ = {isa = PBXBuildFile; fileRef = 215C41D5211F82F100AFEAE8 /* person3.jpg */; };
		215C41DA211F82F100AFEAE8 /* person1.jpg in Resources */ = {isa = PBXBuildFile; fileRef = 215C41D6211F82F100AFEAE8 /* person1.jpg */; };
		215C41DC211F834500AFEAE8 /* Assets.swift in Sources */ = {isa = PBXBuildFile; fileRef = 215C41DB211F834500AFEAE8 /* Assets.swift */; };
		215C41DE211F847300AFEAE8 /* CardView.swift in Sources */ = {isa = PBXBuildFile; fileRef = 215C41DD211F847300AFEAE8 /* CardView.swift */; };
		21E771802120CB610083DBC0 /* StatusPill.swift in Sources */ = {isa = PBXBuildFile; fileRef = 21E7717F2120CB610083DBC0 /* StatusPill.swift */; };
/* End PBXBuildFile section */

/* Begin PBXFileReference section */
		215C41BB211F807500AFEAE8 /* Torch.app */ = {isa = PBXFileReference; explicitFileType = wrapper.application; includeInIndex = 0; path = Torch.app; sourceTree = BUILT_PRODUCTS_DIR; };
		215C41BE211F807500AFEAE8 /* AppDelegate.swift */ = {isa = PBXFileReference; lastKnownFileType = sourcecode.swift; path = AppDelegate.swift; sourceTree = "<group>"; };
		215C41C0211F807500AFEAE8 /* ViewController.swift */ = {isa = PBXFileReference; lastKnownFileType = sourcecode.swift; path = ViewController.swift; sourceTree = "<group>"; };
		215C41C3211F807500AFEAE8 /* Base */ = {isa = PBXFileReference; lastKnownFileType = file.storyboard; name = Base; path = Base.lproj/Main.storyboard; sourceTree = "<group>"; };
		215C41C5211F807600AFEAE8 /* Assets.xcassets */ = {isa = PBXFileReference; lastKnownFileType = folder.assetcatalog; path = Assets.xcassets; sourceTree = "<group>"; };
		215C41C8211F807600AFEAE8 /* Base */ = {isa = PBXFileReference; lastKnownFileType = file.storyboard; name = Base; path = Base.lproj/LaunchScreen.storyboard; sourceTree = "<group>"; };
		215C41CA211F807600AFEAE8 /* Info.plist */ = {isa = PBXFileReference; lastKnownFileType = text.plist.xml; path = Info.plist; sourceTree = "<group>"; };
		215C41D0211F815700AFEAE8 /* CardStack.swift */ = {isa = PBXFileReference; lastKnownFileType = sourcecode.swift; path = CardStack.swift; sourceTree = "<group>"; };
		215C41D3211F82F100AFEAE8 /* person2.jpg */ = {isa = PBXFileReference; lastKnownFileType = image.jpeg; path = person2.jpg; sourceTree = "<group>"; };
		215C41D4211F82F100AFEAE8 /* person0.jpg */ = {isa = PBXFileReference; lastKnownFileType = image.jpeg; path = person0.jpg; sourceTree = "<group>"; };
		215C41D5211F82F100AFEAE8 /* person3.jpg */ = {isa = PBXFileReference; lastKnownFileType = image.jpeg; path = person3.jpg; sourceTree = "<group>"; };
		215C41D6211F82F100AFEAE8 /* person1.jpg */ = {isa = PBXFileReference; lastKnownFileType = image.jpeg; path = person1.jpg; sourceTree = "<group>"; };
		215C41DB211F834500AFEAE8 /* Assets.swift */ = {isa = PBXFileReference; lastKnownFileType = sourcecode.swift; path = Assets.swift; sourceTree = "<group>"; };
		215C41DD211F847300AFEAE8 /* CardView.swift */ = {isa = PBXFileReference; lastKnownFileType = sourcecode.swift; path = CardView.swift; sourceTree = "<group>"; };
		21E7717F2120CB610083DBC0 /* StatusPill.swift */ = {isa = PBXFileReference; lastKnownFileType = sourcecode.swift; path = StatusPill.swift; sourceTree = "<group>"; };
/* End PBXFileReference section */

/* Begin PBXFrameworksBuildPhase section */
		215C41B8211F807500AFEAE8 /* Frameworks */ = {
			isa = PBXFrameworksBuildPhase;
			buildActionMask = 2147483647;
			files = (
			);
			runOnlyForDeploymentPostprocessing = 0;
		};
/* End PBXFrameworksBuildPhase section */

/* Begin PBXGroup section */
		215C41B2211F807500AFEAE8 = {
			isa = PBXGroup;
			children = (
				215C41BD211F807500AFEAE8 /* Torch */,
				215C41BC211F807500AFEAE8 /* Products */,
			);
			sourceTree = "<group>";
		};
		215C41BC211F807500AFEAE8 /* Products */ = {
			isa = PBXGroup;
			children = (
				215C41BB211F807500AFEAE8 /* Torch.app */,
			);
			name = Products;
			sourceTree = "<group>";
		};
		215C41BD211F807500AFEAE8 /* Torch */ = {
			isa = PBXGroup;
			children = (
				215C41D2211F82A700AFEAE8 /* Assets */,
				215C41BE211F807500AFEAE8 /* AppDelegate.swift */,
				215C41C0211F807500AFEAE8 /* ViewController.swift */,
				215C41C2211F807500AFEAE8 /* Main.storyboard */,
				215C41C5211F807600AFEAE8 /* Assets.xcassets */,
				215C41C7211F807600AFEAE8 /* LaunchScreen.storyboard */,
				215C41CA211F807600AFEAE8 /* Info.plist */,
				215C41D0211F815700AFEAE8 /* CardStack.swift */,
				215C41DB211F834500AFEAE8 /* Assets.swift */,
				215C41DD211F847300AFEAE8 /* CardView.swift */,
				21E7717F2120CB610083DBC0 /* StatusPill.swift */,
			);
			path = Torch;
			sourceTree = "<group>";
		};
		215C41D2211F82A700AFEAE8 /* Assets */ = {
			isa = PBXGroup;
			children = (
				215C41D4211F82F100AFEAE8 /* person0.jpg */,
				215C41D6211F82F100AFEAE8 /* person1.jpg */,
				215C41D3211F82F100AFEAE8 /* person2.jpg */,
				215C41D5211F82F100AFEAE8 /* person3.jpg */,
			);
			path = Assets;
			sourceTree = "<group>";
		};
/* End PBXGroup section */

/* Begin PBXNativeTarget section */
		215C41BA211F807500AFEAE8 /* Torch */ = {
			isa = PBXNativeTarget;
			buildConfigurationList = 215C41CD211F807600AFEAE8 /* Build configuration list for PBXNativeTarget "Torch" */;
			buildPhases = (
				215C41B7211F807500AFEAE8 /* Sources */,
				215C41B8211F807500AFEAE8 /* Frameworks */,
				215C41B9211F807500AFEAE8 /* Resources */,
			);
			buildRules = (
			);
			dependencies = (
			);
			name = Torch;
			productName = Torch;
			productReference = 215C41BB211F807500AFEAE8 /* Torch.app */;
			productType = "com.apple.product-type.application";
		};
/* End PBXNativeTarget section */

/* Begin PBXProject section */
		215C41B3211F807500AFEAE8 /* Project object */ = {
			isa = PBXProject;
			attributes = {
				LastSwiftUpdateCheck = 1000;
				LastUpgradeCheck = 1000;
				ORGANIZATIONNAME = proxy;
				TargetAttributes = {
					215C41BA211F807500AFEAE8 = {
						CreatedOnToolsVersion = 10.0;
					};
				};
			};
			buildConfigurationList = 215C41B6211F807500AFEAE8 /* Build configuration list for PBXProject "Torch" */;
			compatibilityVersion = "Xcode 9.3";
			developmentRegion = en;
			hasScannedForEncodings = 0;
			knownRegions = (
				en,
				Base,
			);
			mainGroup = 215C41B2211F807500AFEAE8;
			productRefGroup = 215C41BC211F807500AFEAE8 /* Products */;
			projectDirPath = "";
			projectRoot = "";
			targets = (
				215C41BA211F807500AFEAE8 /* Torch */,
			);
		};
/* End PBXProject section */

/* Begin PBXResourcesBuildPhase section */
		215C41B9211F807500AFEAE8 /* Resources */ = {
			isa = PBXResourcesBuildPhase;
			buildActionMask = 2147483647;
			files = (
				215C41D9211F82F100AFEAE8 /* person3.jpg in Resources */,
				215C41C9211F807600AFEAE8 /* LaunchScreen.storyboard in Resources */,
				215C41DA211F82F100AFEAE8 /* person1.jpg in Resources */,
				215C41C6211F807600AFEAE8 /* Assets.xcassets in Resources */,
				215C41D8211F82F100AFEAE8 /* person0.jpg in Resources */,
				215C41C4211F807500AFEAE8 /* Main.storyboard in Resources */,
				215C41D7211F82F100AFEAE8 /* person2.jpg in Resources */,
			);
			runOnlyForDeploymentPostprocessing = 0;
		};
/* End PBXResourcesBuildPhase section */

/* Begin PBXSourcesBuildPhase section */
		215C41B7211F807500AFEAE8 /* Sources */ = {
			isa = PBXSourcesBuildPhase;
			buildActionMask = 2147483647;
			files = (
				21E771802120CB610083DBC0 /* StatusPill.swift in Sources */,
				215C41C1211F807500AFEAE8 /* ViewController.swift in Sources */,
				215C41BF211F807500AFEAE8 /* AppDelegate.swift in Sources */,
				215C41DC211F834500AFEAE8 /* Assets.swift in Sources */,
				215C41D1211F815700AFEAE8 /* CardStack.swift in Sources */,
				215C41DE211F847300AFEAE8 /* CardView.swift in Sources */,
			);
			runOnlyForDeploymentPostprocessing = 0;
		};
/* End PBXSourcesBuildPhase section */

/* Begin PBXVariantGroup section */
		215C41C2211F807500AFEAE8 /* Main.storyboard */ = {
			isa = PBXVariantGroup;
			children = (
				215C41C3211F807500AFEAE8 /* Base */,
			);
			name = Main.storyboard;
			sourceTree = "<group>";
		};
		215C41C7211F807600AFEAE8 /* LaunchScreen.storyboard */ = {
			isa = PBXVariantGroup;
			children = (
				215C41C8211F807600AFEAE8 /* Base */,
			);
			name = LaunchScreen.storyboard;
			sourceTree = "<group>";
		};
/* End PBXVariantGroup section */

/* Begin XCBuildConfiguration section */
		215C41CB211F807600AFEAE8 /* Debug */ = {
			isa = XCBuildConfiguration;
			buildSettings = {
				ALWAYS_SEARCH_USER_PATHS = NO;
				CLANG_ANALYZER_NONNULL = YES;
				CLANG_ANALYZER_NUMBER_OBJECT_CONVERSION = YES_AGGRESSIVE;
				CLANG_CXX_LANGUAGE_STANDARD = "gnu++14";
				CLANG_CXX_LIBRARY = "libc++";
				CLANG_ENABLE_MODULES = YES;
				CLANG_ENABLE_OBJC_ARC = YES;
				CLANG_ENABLE_OBJC_WEAK = YES;
				CLANG_WARN_BLOCK_CAPTURE_AUTORELEASING = YES;
				CLANG_WARN_BOOL_CONVERSION = YES;
				CLANG_WARN_COMMA = YES;
				CLANG_WARN_CONSTANT_CONVERSION = YES;
				CLANG_WARN_DEPRECATED_OBJC_IMPLEMENTATIONS = YES;
				CLANG_WARN_DIRECT_OBJC_ISA_USAGE = YES_ERROR;
				CLANG_WARN_DOCUMENTATION_COMMENTS = YES;
				CLANG_WARN_EMPTY_BODY = YES;
				CLANG_WARN_ENUM_CONVERSION = YES;
				CLANG_WARN_INFINITE_RECURSION = YES;
				CLANG_WARN_INT_CONVERSION = YES;
				CLANG_WARN_NON_LITERAL_NULL_CONVERSION = YES;
				CLANG_WARN_OBJC_IMPLICIT_RETAIN_SELF = YES;
				CLANG_WARN_OBJC_LITERAL_CONVERSION = YES;
				CLANG_WARN_OBJC_ROOT_CLASS = YES_ERROR;
				CLANG_WARN_RANGE_LOOP_ANALYSIS = YES;
				CLANG_WARN_STRICT_PROTOTYPES = YES;
				CLANG_WARN_SUSPICIOUS_MOVE = YES;
				CLANG_WARN_UNGUARDED_AVAILABILITY = YES_AGGRESSIVE;
				CLANG_WARN_UNREACHABLE_CODE = YES;
				CLANG_WARN__DUPLICATE_METHOD_MATCH = YES;
				CODE_SIGN_IDENTITY = "iPhone Developer";
				COPY_PHASE_STRIP = NO;
				DEBUG_INFORMATION_FORMAT = dwarf;
				ENABLE_STRICT_OBJC_MSGSEND = YES;
				ENABLE_TESTABILITY = YES;
				GCC_C_LANGUAGE_STANDARD = gnu11;
				GCC_DYNAMIC_NO_PIC = NO;
				GCC_NO_COMMON_BLOCKS = YES;
				GCC_OPTIMIZATION_LEVEL = 0;
				GCC_PREPROCESSOR_DEFINITIONS = (
					"DEBUG=1",
					"$(inherited)",
				);
				GCC_WARN_64_TO_32_BIT_CONVERSION = YES;
				GCC_WARN_ABOUT_RETURN_TYPE = YES_ERROR;
				GCC_WARN_UNDECLARED_SELECTOR = YES;
				GCC_WARN_UNINITIALIZED_AUTOS = YES_AGGRESSIVE;
				GCC_WARN_UNUSED_FUNCTION = YES;
				GCC_WARN_UNUSED_VARIABLE = YES;
				IPHONEOS_DEPLOYMENT_TARGET = 12.0;
				MTL_ENABLE_DEBUG_INFO = INCLUDE_SOURCE;
				MTL_FAST_MATH = YES;
				ONLY_ACTIVE_ARCH = YES;
				SDKROOT = iphoneos;
				SWIFT_ACTIVE_COMPILATION_CONDITIONS = DEBUG;
				SWIFT_OPTIMIZATION_LEVEL = "-Onone";
			};
			name = Debug;
		};
		215C41CC211F807600AFEAE8 /* Release */ = {
			isa = XCBuildConfiguration;
			buildSettings = {
				ALWAYS_SEARCH_USER_PATHS = NO;
				CLANG_ANALYZER_NONNULL = YES;
				CLANG_ANALYZER_NUMBER_OBJECT_CONVERSION = YES_AGGRESSIVE;
				CLANG_CXX_LANGUAGE_STANDARD = "gnu++14";
				CLANG_CXX_LIBRARY = "libc++";
				CLANG_ENABLE_MODULES = YES;
				CLANG_ENABLE_OBJC_ARC = YES;
				CLANG_ENABLE_OBJC_WEAK = YES;
				CLANG_WARN_BLOCK_CAPTURE_AUTORELEASING = YES;
				CLANG_WARN_BOOL_CONVERSION = YES;
				CLANG_WARN_COMMA = YES;
				CLANG_WARN_CONSTANT_CONVERSION = YES;
				CLANG_WARN_DEPRECATED_OBJC_IMPLEMENTATIONS = YES;
				CLANG_WARN_DIRECT_OBJC_ISA_USAGE = YES_ERROR;
				CLANG_WARN_DOCUMENTATION_COMMENTS = YES;
				CLANG_WARN_EMPTY_BODY = YES;
				CLANG_WARN_ENUM_CONVERSION = YES;
				CLANG_WARN_INFINITE_RECURSION = YES;
				CLANG_WARN_INT_CONVERSION = YES;
				CLANG_WARN_NON_LITERAL_NULL_CONVERSION = YES;
				CLANG_WARN_OBJC_IMPLICIT_RETAIN_SELF = YES;
				CLANG_WARN_OBJC_LITERAL_CONVERSION = YES;
				CLANG_WARN_OBJC_ROOT_CLASS = YES_ERROR;
				CLANG_WARN_RANGE_LOOP_ANALYSIS = YES;
				CLANG_WARN_STRICT_PROTOTYPES = YES;
				CLANG_WARN_SUSPICIOUS_MOVE = YES;
				CLANG_WARN_UNGUARDED_AVAILABILITY = YES_AGGRESSIVE;
				CLANG_WARN_UNREACHABLE_CODE = YES;
				CLANG_WARN__DUPLICATE_METHOD_MATCH = YES;
				CODE_SIGN_IDENTITY = "iPhone Developer";
				COPY_PHASE_STRIP = NO;
				DEBUG_INFORMATION_FORMAT = "dwarf-with-dsym";
				ENABLE_NS_ASSERTIONS = NO;
				ENABLE_STRICT_OBJC_MSGSEND = YES;
				GCC_C_LANGUAGE_STANDARD = gnu11;
				GCC_NO_COMMON_BLOCKS = YES;
				GCC_WARN_64_TO_32_BIT_CONVERSION = YES;
				GCC_WARN_ABOUT_RETURN_TYPE = YES_ERROR;
				GCC_WARN_UNDECLARED_SELECTOR = YES;
				GCC_WARN_UNINITIALIZED_AUTOS = YES_AGGRESSIVE;
				GCC_WARN_UNUSED_FUNCTION = YES;
				GCC_WARN_UNUSED_VARIABLE = YES;
				IPHONEOS_DEPLOYMENT_TARGET = 12.0;
				MTL_ENABLE_DEBUG_INFO = NO;
				MTL_FAST_MATH = YES;
				SDKROOT = iphoneos;
				SWIFT_COMPILATION_MODE = wholemodule;
				SWIFT_OPTIMIZATION_LEVEL = "-O";
				VALIDATE_PRODUCT = YES;
			};
			name = Release;
		};
		215C41CE211F807600AFEAE8 /* Debug */ = {
			isa = XCBuildConfiguration;
			buildSettings = {
				ASSETCATALOG_COMPILER_APPICON_NAME = AppIcon;
				CODE_SIGN_STYLE = Automatic;
				DEVELOPMENT_TEAM = 2D8DHL3LZB;
				INFOPLIST_FILE = Torch/Info.plist;
				LD_RUNPATH_SEARCH_PATHS = (
					"$(inherited)",
					"@executable_path/Frameworks",
				);
				PRODUCT_BUNDLE_IDENTIFIER = com.proxy.Torch;
				PRODUCT_NAME = "$(TARGET_NAME)";
				SWIFT_VERSION = 4.2;
				TARGETED_DEVICE_FAMILY = "1,2";
			};
			name = Debug;
		};
		215C41CF211F807600AFEAE8 /* Release */ = {
			isa = XCBuildConfiguration;
			buildSettings = {
				ASSETCATALOG_COMPILER_APPICON_NAME = AppIcon;
				CODE_SIGN_STYLE = Automatic;
				DEVELOPMENT_TEAM = 2D8DHL3LZB;
				INFOPLIST_FILE = Torch/Info.plist;
				LD_RUNPATH_SEARCH_PATHS = (
					"$(inherited)",
					"@executable_path/Frameworks",
				);
				PRODUCT_BUNDLE_IDENTIFIER = com.proxy.Torch;
				PRODUCT_NAME = "$(TARGET_NAME)";
				SWIFT_VERSION = 4.2;
				TARGETED_DEVICE_FAMILY = "1,2";
			};
			name = Release;
		};
/* End XCBuildConfiguration section */

/* Begin XCConfigurationList section */
		215C41B6211F807500AFEAE8 /* Build configuration list for PBXProject "Torch" */ = {
			isa = XCConfigurationList;
			buildConfigurations = (
				215C41CB211F807600AFEAE8 /* Debug */,
				215C41CC211F807600AFEAE8 /* Release */,
			);
			defaultConfigurationIsVisible = 0;
			defaultConfigurationName = Release;
		};
		215C41CD211F807600AFEAE8 /* Build configuration list for PBXNativeTarget "Torch" */ = {
			isa = XCConfigurationList;
			buildConfigurations = (
				215C41CE211F807600AFEAE8 /* Debug */,
				215C41CF211F807600AFEAE8 /* Release */,
			);
			defaultConfigurationIsVisible = 0;
			defaultConfigurationName = Release;
		};
/* End XCConfigurationList section */
	};
	rootObject = 215C41B3211F807500AFEAE8 /* Project object */;
}
